
Microsoft Visual Studio Solution File, Format Version 12.00
# Visual Studio Version 16
VisualStudioVersion = 16.0.31019.35
MinimumVisualStudioVersion = 10.0.40219.1
Project("{9A19103F-16F7-4668-BE54-9A1E7A4F7556}") = "LocalDB", "LocalDB.csproj", "{75AF6087-1A65-463D-9AFE-F9D2D2016818}"
EndProject
Project("{9A19103F-16F7-4668-BE54-9A1E7A4F7556}") = "UnitTestLocalDB", "..\UnitTestProject1\UnitTestLocalDB.csproj", "{DC18B415-E6DC-4668-BD45-F30DB4BE8883}"
EndProject
Global
	GlobalSection(SolutionConfigurationPlatforms) = preSolution
		Debug|Any CPU = Debug|Any CPU
		Release|Any CPU = Release|Any CPU
	EndGlobalSection
	GlobalSection(ProjectConfigurationPlatforms) = postSolution
		{75AF6087-1A65-463D-9AFE-F9D2D2016818}.Debug|Any CPU.ActiveCfg = Debug|Any CPU
		{75AF6087-1A65-463D-9AFE-F9D2D2016818}.Debug|Any CPU.Build.0 = Debug|Any CPU
		{75AF6087-1A65-463D-9AFE-F9D2D2016818}.Release|Any CPU.ActiveCfg = Release|Any CPU
		{75AF6087-1A65-463D-9AFE-F9D2D2016818}.Release|Any CPU.Build.0 = Release|Any CPU
		{DC18B415-E6DC-4668-BD45-F30DB4BE8883}.Debug|Any CPU.ActiveCfg = Debug|Any CPU
		{DC18B415-E6DC-4668-BD45-F30DB4BE8883}.Debug|Any CPU.Build.0 = Debug|Any CPU
		{DC18B415-E6DC-4668-BD45-F30DB4BE8883}.Release|Any CPU.ActiveCfg = Release|Any CPU
		{DC18B415-E6DC-4668-BD45-F30DB4BE8883}.Release|Any CPU.Build.0 = Release|Any CPU
	EndGlobalSection
	GlobalSection(SolutionProperties) = preSolution
		HideSolutionNode = FALSE
	EndGlobalSection
	GlobalSection(ExtensibilityGlobals) = postSolution
		SolutionGuid = {1DF44593-697E-4041-9B8F-C55E089E707F}
	EndGlobalSection
EndGlobal
